PODS:
  - CocoaLumberjack/Core (3.8.4)
  - CocoaLumberjack/Swift (3.8.4):
    - CocoaLumberjack/Core
  - SwiftLint (0.54.0)

DEPENDENCIES:
  - CocoaLumberjack/Swift
  - SwiftLint

SPEC REPOS:
  trunk:
    - CocoaLumberjack
    - SwiftLint

SPEC CHECKSUMS:
  CocoaLumberjack: df59726690390bb8aaaa585938564ba1c8dbbb44
  SwiftLint: c1de071d9d08c8aba837545f6254315bc900e211

PODFILE CHECKSUM: ea83948177ed4691024373a5bf87062df4b06e8c

COCOAPODS: 1.15.2
